
Microsoft Visual Studio Solution File, Format Version 12.00
# Visual Studio Version 17
VisualStudioVersion = 17.13.35806.99 d17.13
MinimumVisualStudioVersion = 10.0.40219.1
Project("{FAE04EC0-301F-11D3-BF4B-00C04F79EFBC}") = "L8_JAAF_1083026", "L8_JAAF_1083026.csproj", "{1D0109DF-9C8C-4B65-9536-665CE3E98F81}"
EndProject
Global
	GlobalSection(SolutionConfigurationPlatforms) = preSolution
		Debug|Any CPU = Debug|Any CPU
		Release|Any CPU = Release|Any CPU
	EndGlobalSection
	GlobalSection(ProjectConfigurationPlatforms) = postSolution
		{1D0109DF-9C8C-4B65-9536-665CE3E98F81}.Debug|Any CPU.ActiveCfg = Debug|Any CPU
		{1D0109DF-9C8C-4B65-9536-665CE3E98F81}.Debug|Any CPU.Build.0 = Debug|Any CPU
		{1D0109DF-9C8C-4B65-9536-665CE3E98F81}.Release|Any CPU.ActiveCfg = Release|Any CPU
		{1D0109DF-9C8C-4B65-9536-665CE3E98F81}.Release|Any CPU.Build.0 = Release|Any CPU
	EndGlobalSection
	GlobalSection(SolutionProperties) = preSolution
		HideSolutionNode = FALSE
	EndGlobalSection
	GlobalSection(ExtensibilityGlobals) = postSolution
		SolutionGuid = {522FBE74-CB27-46F1-976D-740A77559145}
	EndGlobalSection
EndGlobal
